{
  "object": {
    "pins": [
      {
        "package": "Core",
        "repositoryURL": "https://github.com/ecosia/ios-core.git",
        "state": {
          "branch": null,
          "revision": "6d0a42721648842e1fb411f69c5333191b573efe",
          "version": "4.2.3"
        }
      }
    ]
  },
  "version": 1
}
