{
  "object": {
    "pins": [
      {
        "package": "braze-swift-sdk",
        "repositoryURL": "https://github.com/braze-inc/braze-swift-sdk",
        "state": {
          "branch": null,
          "revision": "f893978502a08b02124d2d15c6117eb1a06b7f6f",
          "version": "8.4.0"
        }
      },
      {
        "package": "Dip",
        "repositoryURL": "https://github.com/AliSoftware/Dip.git",
        "state": {
          "branch": null,
          "revision": "c3b601df0ff22b06b6d5ff4943faf05c0bd3f9bb",
          "version": "7.1.1"
        }
      },
      {
        "package": "Fuzi",
        "repositoryURL": "https://github.com/nbhasin2/Fuzi.git",
        "state": {
          "branch": "master",
          "revision": "04170682baf5c013a41270963c689c87ba0d1374",
          "version": null
        }
      },
      {
        "package": "GCDWebServer",
        "repositoryURL": "https://github.com/nbhasin2/GCDWebServer.git",
        "state": {
          "branch": "master",
          "revision": "7674c93e79ee5aac17681acace324761325e7346",
          "version": null
        }
      },
      {
        "package": "Kingfisher",
        "repositoryURL": "https://github.com/onevcat/Kingfisher.git",
        "state": {
          "branch": null,
          "revision": "b6f62758f21a8c03cd64f4009c037cfa580a256e",
          "version": "7.9.1"
        }
      },
      {
        "package": "SDWebImage",
        "repositoryURL": "https://github.com/SDWebImage/SDWebImage.git",
        "state": {
          "branch": null,
          "revision": "5642d1ffe3dbe628592443bd14154e31929727b4",
          "version": "5.19.2"
        }
      },
      {
        "package": "Sentry",
        "repositoryURL": "https://github.com/getsentry/sentry-cocoa.git",
        "state": {
          "branch": null,
          "revision": "74cf23b2946c92550fb1185612077151497e648e",
          "version": "8.17.1"
        }
      },
      {
        "package": "SwiftSoup",
        "repositoryURL": "https://github.com/scinfu/SwiftSoup",
        "state": {
          "branch": "2.5.3",
          "revision": "f707b8680cddb96dc1855632340a572ef37bbb98",
          "version": null
        }
      },
      {
        "package": "SwiftyBeaver",
        "repositoryURL": "https://github.com/SwiftyBeaver/SwiftyBeaver.git",
        "state": {
          "branch": null,
          "revision": "1080914828ef1c9ca9cd2bad50667b3d847dabff",
          "version": "2.0.0"
        }
      }
    ]
  },
  "version": 1
}
